// !$*UTF8*$!
{
	archiveVersion = 1;
	classes = {
	};
	objectVersion = 50;
	objects = {

/* Begin PBXBuildFile section */
		1AEC907E17F5733E45294D2F /* Pods_VideoDownloderTests.framework in Frameworks */ = {isa = PBXBuildFile; fileRef = F52EA7490B0937617DB80A5E /* Pods_VideoDownloderTests.framework */; };
		359A9D65DAA4651440795CEA /* Pods_VideoDownloder.framework in Frameworks */ = {isa = PBXBuildFile; fileRef = 19E213E7B0BFB03938F4A918 /* Pods_VideoDownloder.framework */; };
		BF818765A126768AAAB3CA7B /* Pods_VideoDownloderUITests.framework in Frameworks */ = {isa = PBXBuildFile; fileRef = 59769C85EB33752C74B2EDB5 /* Pods_VideoDownloderUITests.framework */; };
		DBBFB4B121FB358000A35BF0 /* AppDelegate.swift in Sources */ = {isa = PBXBuildFile; fileRef = DBBFB4B021FB358000A35BF0 /* AppDelegate.swift */; };
		DBBFB4B321FB358000A35BF0 /* ViewController.swift in Sources */ = {isa = PBXBuildFile; fileRef = DBBFB4B221FB358000A35BF0 /* ViewController.swift */; };
		DBBFB4B621FB358000A35BF0 /* Main.storyboard in Resources */ = {isa = PBXBuildFile; fileRef = DBBFB4B421FB358000A35BF0 /* Main.storyboard */; };
		DBBFB4B821FB358100A35BF0 /* Assets.xcassets in Resources */ = {isa = PBXBuildFile; fileRef = DBBFB4B721FB358100A35BF0 /* Assets.xcassets */; };
		DBBFB4BB21FB358100A35BF0 /* LaunchScreen.storyboard in Resources */ = {isa = PBXBuildFile; fileRef = DBBFB4B921FB358100A35BF0 /* LaunchScreen.storyboard */; };
		DBBFB4C621FB358100A35BF0 /* VideoDownloderTests.swift in Sources */ = {isa = PBXBuildFile; fileRef = DBBFB4C521FB358100A35BF0 /* VideoDownloderTests.swift */; };
		DBBFB4D121FB358100A35BF0 /* VideoDownloderUITests.swift in Sources */ = {isa = PBXBuildFile; fileRef = DBBFB4D021FB358100A35BF0 /* VideoDownloderUITests.swift */; };
/* End PBXBuildFile section */

/* Begin PBXContainerItemProxy section */
		DBBFB4C221FB358100A35BF0 /* PBXContainerItemProxy */ = {
			isa = PBXContainerItemProxy;
			containerPortal = DBBFB4A521FB358000A35BF0 /* Project object */;
			proxyType = 1;
			remoteGlobalIDString = DBBFB4AC21FB358000A35BF0;
			remoteInfo = VideoDownloder;
		};
		DBBFB4CD21FB358100A35BF0 /* PBXContainerItemProxy */ = {
			isa = PBXContainerItemProxy;
			containerPortal = DBBFB4A521FB358000A35BF0 /* Project object */;
			proxyType = 1;
			remoteGlobalIDString = DBBFB4AC21FB358000A35BF0;
			remoteInfo = VideoDownloder;
		};
/* End PBXContainerItemProxy section */

/* Begin PBXFileReference section */
		19E213E7B0BFB03938F4A918 /* Pods_VideoDownloder.framework */ = {isa = PBXFileReference; explicitFileType = wrapper.framework; includeInIndex = 0; path = Pods_VideoDownloder.framework; sourceTree = BUILT_PRODUCTS_DIR; };
		33D16EDC7204E15AD69BB1AE /* Pods-VideoDownloderUITests.release.xcconfig */ = {isa = PBXFileReference; includeInIndex = 1; lastKnownFileType = text.xcconfig; name = "Pods-VideoDownloderUITests.release.xcconfig"; path = "Pods/Target Support Files/Pods-VideoDownloderUITests/Pods-VideoDownloderUITests.release.xcconfig"; sourceTree = "<group>"; };
		386425B5D73AB0153C3B6A6F /* Pods-VideoDownloderUITests.debug.xcconfig */ = {isa = PBXFileReference; includeInIndex = 1; lastKnownFileType = text.xcconfig; name = "Pods-VideoDownloderUITests.debug.xcconfig"; path = "Pods/Target Support Files/Pods-VideoDownloderUITests/Pods-VideoDownloderUITests.debug.xcconfig"; sourceTree = "<group>"; };
		4C1BE246AC2B5494523F04E9 /* Pods-VideoDownloder.debug.xcconfig */ = {isa = PBXFileReference; includeInIndex = 1; lastKnownFileType = text.xcconfig; name = "Pods-VideoDownloder.debug.xcconfig"; path = "Pods/Target Support Files/Pods-VideoDownloder/Pods-VideoDownloder.debug.xcconfig"; sourceTree = "<group>"; };
		59769C85EB33752C74B2EDB5 /* Pods_VideoDownloderUITests.framework */ = {isa = PBXFileReference; explicitFileType = wrapper.framework; includeInIndex = 0; path = Pods_VideoDownloderUITests.framework; sourceTree = BUILT_PRODUCTS_DIR; };
		C177239199240AFBCDDFF20D /* Pods-VideoDownloderTests.release.xcconfig */ = {isa = PBXFileReference; includeInIndex = 1; lastKnownFileType = text.xcconfig; name = "Pods-VideoDownloderTests.release.xcconfig"; path = "Pods/Target Support Files/Pods-VideoDownloderTests/Pods-VideoDownloderTests.release.xcconfig"; sourceTree = "<group>"; };
		D4E001CE1CD36681D5446249 /* Pods-VideoDownloderTests.debug.xcconfig */ = {isa = PBXFileReference; includeInIndex = 1; lastKnownFileType = text.xcconfig; name = "Pods-VideoDownloderTests.debug.xcconfig"; path = "Pods/Target Support Files/Pods-VideoDownloderTests/Pods-VideoDownloderTests.debug.xcconfig"; sourceTree = "<group>"; };
		DBBFB4AD21FB358000A35BF0 /* VideoDownloder.app */ = {isa = PBXFileReference; explicitFileType = wrapper.application; includeInIndex = 0; path = VideoDownloder.app; sourceTree = BUILT_PRODUCTS_DIR; };
		DBBFB4B021FB358000A35BF0 /* AppDelegate.swift */ = {isa = PBXFileReference; lastKnownFileType = sourcecode.swift; path = AppDelegate.swift; sourceTree = "<group>"; };
		DBBFB4B221FB358000A35BF0 /* ViewController.swift */ = {isa = PBXFileReference; lastKnownFileType = sourcecode.swift; path = ViewController.swift; sourceTree = "<group>"; };
		DBBFB4B521FB358000A35BF0 /* Base */ = {isa = PBXFileReference; lastKnownFileType = file.storyboard; name = Base; path = Base.lproj/Main.storyboard; sourceTree = "<group>"; };
		DBBFB4B721FB358100A35BF0 /* Assets.xcassets */ = {isa = PBXFileReference; lastKnownFileType = folder.assetcatalog; path = Assets.xcassets; sourceTree = "<group>"; };
		DBBFB4BA21FB358100A35BF0 /* Base */ = {isa = PBXFileReference; lastKnownFileType = file.storyboard; name = Base; path = Base.lproj/LaunchScreen.storyboard; sourceTree = "<group>"; };
		DBBFB4BC21FB358100A35BF0 /* Info.plist */ = {isa = PBXFileReference; lastKnownFileType = text.plist.xml; path = Info.plist; sourceTree = "<group>"; };
		DBBFB4C121FB358100A35BF0 /* VideoDownloderTests.xctest */ = {isa = PBXFileReference; explicitFileType = wrapper.cfbundle; includeInIndex = 0; path = VideoDownloderTests.xctest; sourceTree = BUILT_PRODUCTS_DIR; };
		DBBFB4C521FB358100A35BF0 /* VideoDownloderTests.swift */ = {isa = PBXFileReference; lastKnownFileType = sourcecode.swift; path = VideoDownloderTests.swift; sourceTree = "<group>"; };
		DBBFB4C721FB358100A35BF0 /* Info.plist */ = {isa = PBXFileReference; lastKnownFileType = text.plist.xml; path = Info.plist; sourceTree = "<group>"; };
		DBBFB4CC21FB358100A35BF0 /* VideoDownloderUITests.xctest */ = {isa = PBXFileReference; explicitFileType = wrapper.cfbundle; includeInIndex = 0; path = VideoDownloderUITests.xctest; sourceTree = BUILT_PRODUCTS_DIR; };
		DBBFB4D021FB358100A35BF0 /* VideoDownloderUITests.swift */ = {isa = PBXFileReference; lastKnownFileType = sourcecode.swift; path = VideoDownloderUITests.swift; sourceTree = "<group>"; };
		DBBFB4D221FB358100A35BF0 /* Info.plist */ = {isa = PBXFileReference; lastKnownFileType = text.plist.xml; path = Info.plist; sourceTree = "<group>"; };
		E0265A5371954FBD6EE8CD56 /* Pods-VideoDownloder.release.xcconfig */ = {isa = PBXFileReference; includeInIndex = 1; lastKnownFileType = text.xcconfig; name = "Pods-VideoDownloder.release.xcconfig"; path = "Pods/Target Support Files/Pods-VideoDownloder/Pods-VideoDownloder.release.xcconfig"; sourceTree = "<group>"; };
		F52EA7490B0937617DB80A5E /* Pods_VideoDownloderTests.framework */ = {isa = PBXFileReference; explicitFileType = wrapper.framework; includeInIndex = 0; path = Pods_VideoDownloderTests.framework; sourceTree = BUILT_PRODUCTS_DIR; };
/* End PBXFileReference section */

/* Begin PBXFrameworksBuildPhase section */
		DBBFB4AA21FB358000A35BF0 /* Frameworks */ = {
			isa = PBXFrameworksBuildPhase;
			buildActionMask = 2147483647;
			files = (
				359A9D65DAA4651440795CEA /* Pods_VideoDownloder.framework in Frameworks */,
			);
			runOnlyForDeploymentPostprocessing = 0;
		};
		DBBFB4BE21FB358100A35BF0 /* Frameworks */ = {
			isa = PBXFrameworksBuildPhase;
			buildActionMask = 2147483647;
			files = (
				1AEC907E17F5733E45294D2F /* Pods_VideoDownloderTests.framework in Frameworks */,
			);
			runOnlyForDeploymentPostprocessing = 0;
		};
		DBBFB4C921FB358100A35BF0 /* Frameworks */ = {
			isa = PBXFrameworksBuildPhase;
			buildActionMask = 2147483647;
			files = (
				BF818765A126768AAAB3CA7B /* Pods_VideoDownloderUITests.framework in Frameworks */,
			);
			runOnlyForDeploymentPostprocessing = 0;
		};
/* End PBXFrameworksBuildPhase section */

/* Begin PBXGroup section */
		6D2FC485FEDAF543AFE73F81 /* Pods */ = {
			isa = PBXGroup;
			children = (
				4C1BE246AC2B5494523F04E9 /* Pods-VideoDownloder.debug.xcconfig */,
				E0265A5371954FBD6EE8CD56 /* Pods-VideoDownloder.release.xcconfig */,
				D4E001CE1CD36681D5446249 /* Pods-VideoDownloderTests.debug.xcconfig */,
				C177239199240AFBCDDFF20D /* Pods-VideoDownloderTests.release.xcconfig */,
				386425B5D73AB0153C3B6A6F /* Pods-VideoDownloderUITests.debug.xcconfig */,
				33D16EDC7204E15AD69BB1AE /* Pods-VideoDownloderUITests.release.xcconfig */,
			);
			name = Pods;
			sourceTree = "<group>";
		};
		9819DCB10817FD81C34B414B /* Frameworks */ = {
			isa = PBXGroup;
			children = (
				19E213E7B0BFB03938F4A918 /* Pods_VideoDownloder.framework */,
				F52EA7490B0937617DB80A5E /* Pods_VideoDownloderTests.framework */,
				59769C85EB33752C74B2EDB5 /* Pods_VideoDownloderUITests.framework */,
			);
			name = Frameworks;
			sourceTree = "<group>";
		};
		DBBFB4A421FB358000A35BF0 = {
			isa = PBXGroup;
			children = (
				DBBFB4AF21FB358000A35BF0 /* VideoDownloder */,
				DBBFB4C421FB358100A35BF0 /* VideoDownloderTests */,
				DBBFB4CF21FB358100A35BF0 /* VideoDownloderUITests */,
				DBBFB4AE21FB358000A35BF0 /* Products */,
				6D2FC485FEDAF543AFE73F81 /* Pods */,
				9819DCB10817FD81C34B414B /* Frameworks */,
			);
			sourceTree = "<group>";
		};
		DBBFB4AE21FB358000A35BF0 /* Products */ = {
			isa = PBXGroup;
			children = (
				DBBFB4AD21FB358000A35BF0 /* VideoDownloder.app */,
				DBBFB4C121FB358100A35BF0 /* VideoDownloderTests.xctest */,
				DBBFB4CC21FB358100A35BF0 /* VideoDownloderUITests.xctest */,
			);
			name = Products;
			sourceTree = "<group>";
		};
		DBBFB4AF21FB358000A35BF0 /* VideoDownloder */ = {
			isa = PBXGroup;
			children = (
				DBBFB4B021FB358000A35BF0 /* AppDelegate.swift */,
				DBBFB4B221FB358000A35BF0 /* ViewController.swift */,
				DBBFB4B421FB358000A35BF0 /* Main.storyboard */,
				DBBFB4B721FB358100A35BF0 /* Assets.xcassets */,
				DBBFB4B921FB358100A35BF0 /* LaunchScreen.storyboard */,
				DBBFB4BC21FB358100A35BF0 /* Info.plist */,
			);
			path = VideoDownloder;
			sourceTree = "<group>";
		};
		DBBFB4C421FB358100A35BF0 /* VideoDownloderTests */ = {
			isa = PBXGroup;
			children = (
				DBBFB4C521FB358100A35BF0 /* VideoDownloderTests.swift */,
				DBBFB4C721FB358100A35BF0 /* Info.plist */,
			);
			path = VideoDownloderTests;
			sourceTree = "<group>";
		};
		DBBFB4CF21FB358100A35BF0 /* VideoDownloderUITests */ = {
			isa = PBXGroup;
			children = (
				DBBFB4D021FB358100A35BF0 /* VideoDownloderUITests.swift */,
				DBBFB4D221FB358100A35BF0 /* Info.plist */,
			);
			path = VideoDownloderUITests;
			sourceTree = "<group>";
		};
/* End PBXGroup section */

/* Begin PBXNativeTarget section */
		DBBFB4AC21FB358000A35BF0 /* VideoDownloder */ = {
			isa = PBXNativeTarget;
			buildConfigurationList = DBBFB4D521FB358100A35BF0 /* Build configuration list for PBXNativeTarget "VideoDownloder" */;
			buildPhases = (
				CB953A9A3BA082BF8799C7A4 /* [CP] Check Pods Manifest.lock */,
				DBBFB4A921FB358000A35BF0 /* Sources */,
				DBBFB4AA21FB358000A35BF0 /* Frameworks */,
				DBBFB4AB21FB358000A35BF0 /* Resources */,
				CE9E714C216339A78FD12E03 /* [CP] Embed Pods Frameworks */,
			);
			buildRules = (
			);
			dependencies = (
			);
			name = VideoDownloder;
			productName = VideoDownloder;
			productReference = DBBFB4AD21FB358000A35BF0 /* VideoDownloder.app */;
			productType = "com.apple.product-type.application";
		};
		DBBFB4C021FB358100A35BF0 /* VideoDownloderTests */ = {
			isa = PBXNativeTarget;
			buildConfigurationList = DBBFB4D821FB358100A35BF0 /* Build configuration list for PBXNativeTarget "VideoDownloderTests" */;
			buildPhases = (
				0DE3DC4D3A7906428EB5D697 /* [CP] Check Pods Manifest.lock */,
				DBBFB4BD21FB358100A35BF0 /* Sources */,
				DBBFB4BE21FB358100A35BF0 /* Frameworks */,
				DBBFB4BF21FB358100A35BF0 /* Resources */,
			);
			buildRules = (
			);
			dependencies = (
				DBBFB4C321FB358100A35BF0 /* PBXTargetDependency */,
			);
			name = VideoDownloderTests;
			productName = VideoDownloderTests;
			productReference = DBBFB4C121FB358100A35BF0 /* VideoDownloderTests.xctest */;
			productType = "com.apple.product-type.bundle.unit-test";
		};
		DBBFB4CB21FB358100A35BF0 /* VideoDownloderUITests */ = {
			isa = PBXNativeTarget;
			buildConfigurationList = DBBFB4DB21FB358100A35BF0 /* Build configuration list for PBXNativeTarget "VideoDownloderUITests" */;
			buildPhases = (
				53065192A3C445EFC7FB2AC3 /* [CP] Check Pods Manifest.lock */,
				DBBFB4C821FB358100A35BF0 /* Sources */,
				DBBFB4C921FB358100A35BF0 /* Frameworks */,
				DBBFB4CA21FB358100A35BF0 /* Resources */,
			);
			buildRules = (
			);
			dependencies = (
				DBBFB4CE21FB358100A35BF0 /* PBXTargetDependency */,
			);
			name = VideoDownloderUITests;
			productName = VideoDownloderUITests;
			productReference = DBBFB4CC21FB358100A35BF0 /* VideoDownloderUITests.xctest */;
			productType = "com.apple.product-type.bundle.ui-testing";
		};
/* End PBXNativeTarget section */

/* Begin PBXProject section */
		DBBFB4A521FB358000A35BF0 /* Project object */ = {
			isa = PBXProject;
			attributes = {
				LastSwiftUpdateCheck = 1010;
				LastUpgradeCheck = 1010;
				ORGANIZATIONNAME = takaoh717;
				TargetAttributes = {
					DBBFB4AC21FB358000A35BF0 = {
						CreatedOnToolsVersion = 10.1;
					};
					DBBFB4C021FB358100A35BF0 = {
						CreatedOnToolsVersion = 10.1;
						TestTargetID = DBBFB4AC21FB358000A35BF0;
					};
					DBBFB4CB21FB358100A35BF0 = {
						CreatedOnToolsVersion = 10.1;
						TestTargetID = DBBFB4AC21FB358000A35BF0;
					};
				};
			};
			buildConfigurationList = DBBFB4A821FB358000A35BF0 /* Build configuration list for PBXProject "VideoDownloder" */;
			compatibilityVersion = "Xcode 9.3";
			developmentRegion = en;
			hasScannedForEncodings = 0;
			knownRegions = (
				en,
				Base,
			);
			mainGroup = DBBFB4A421FB358000A35BF0;
			productRefGroup = DBBFB4AE21FB358000A35BF0 /* Products */;
			projectDirPath = "";
			projectRoot = "";
			targets = (
				DBBFB4AC21FB358000A35BF0 /* VideoDownloder */,
				DBBFB4C021FB358100A35BF0 /* VideoDownloderTests */,
				DBBFB4CB21FB358100A35BF0 /* VideoDownloderUITests */,
			);
		};
/* End PBXProject section */

/* Begin PBXResourcesBuildPhase section */
		DBBFB4AB21FB358000A35BF0 /* Resources */ = {
			isa = PBXResourcesBuildPhase;
			buildActionMask = 2147483647;
			files = (
				DBBFB4BB21FB358100A35BF0 /* LaunchScreen.storyboard in Resources */,
				DBBFB4B821FB358100A35BF0 /* Assets.xcassets in Resources */,
				DBBFB4B621FB358000A35BF0 /* Main.storyboard in Resources */,
			);
			runOnlyForDeploymentPostprocessing = 0;
		};
		DBBFB4BF21FB358100A35BF0 /* Resources */ = {
			isa = PBXResourcesBuildPhase;
			buildActionMask = 2147483647;
			files = (
			);
			runOnlyForDeploymentPostprocessing = 0;
		};
		DBBFB4CA21FB358100A35BF0 /* Resources */ = {
			isa = PBXResourcesBuildPhase;
			buildActionMask = 2147483647;
			files = (
			);
			runOnlyForDeploymentPostprocessing = 0;
		};
/* End PBXResourcesBuildPhase section */

/* Begin PBXShellScriptBuildPhase section */
		0DE3DC4D3A7906428EB5D697 /* [CP] Check Pods Manifest.lock */ = {
			isa = PBXShellScriptBuildPhase;
			buildActionMask = 2147483647;
			files = (
			);
			inputFileListPaths = (
			);
			inputPaths = (
				"${PODS_PODFILE_DIR_PATH}/Podfile.lock",
				"${PODS_ROOT}/Manifest.lock",
			);
			name = "[CP] Check Pods Manifest.lock";
			outputFileListPaths = (
			);
			outputPaths = (
				"$(DERIVED_FILE_DIR)/Pods-VideoDownloderTests-checkManifestLockResult.txt",
			);
			runOnlyForDeploymentPostprocessing = 0;
			shellPath = /bin/sh;
			shellScript = "diff \"${PODS_PODFILE_DIR_PATH}/Podfile.lock\" \"${PODS_ROOT}/Manifest.lock\" > /dev/null\nif [ $? != 0 ] ; then\n    # print error to STDERR\n    echo \"error: The sandbox is not in sync with the Podfile.lock. Run 'pod install' or update your CocoaPods installation.\" >&2\n    exit 1\nfi\n# This output is used by Xcode 'outputs' to avoid re-running this script phase.\necho \"SUCCESS\" > \"${SCRIPT_OUTPUT_FILE_0}\"\n";
			showEnvVarsInLog = 0;
		};
		53065192A3C445EFC7FB2AC3 /* [CP] Check Pods Manifest.lock */ = {
			isa = PBXShellScriptBuildPhase;
			buildActionMask = 2147483647;
			files = (
			);
			inputFileListPaths = (
			);
			inputPaths = (
				"${PODS_PODFILE_DIR_PATH}/Podfile.lock",
				"${PODS_ROOT}/Manifest.lock",
			);
			name = "[CP] Check Pods Manifest.lock";
			outputFileListPaths = (
			);
			outputPaths = (
				"$(DERIVED_FILE_DIR)/Pods-VideoDownloderUITests-checkManifestLockResult.txt",
			);
			runOnlyForDeploymentPostprocessing = 0;
			shellPath = /bin/sh;
			shellScript = "diff \"${PODS_PODFILE_DIR_PATH}/Podfile.lock\" \"${PODS_ROOT}/Manifest.lock\" > /dev/null\nif [ $? != 0 ] ; then\n    # print error to STDERR\n    echo \"error: The sandbox is not in sync with the Podfile.lock. Run 'pod install' or update your CocoaPods installation.\" >&2\n    exit 1\nfi\n# This output is used by Xcode 'outputs' to avoid re-running this script phase.\necho \"SUCCESS\" > \"${SCRIPT_OUTPUT_FILE_0}\"\n";
			showEnvVarsInLog = 0;
		};
		CB953A9A3BA082BF8799C7A4 /* [CP] Check Pods Manifest.lock */ = {
			isa = PBXShellScriptBuildPhase;
			buildActionMask = 2147483647;
			files = (
			);
			inputFileListPaths = (
			);
			inputPaths = (
				"${PODS_PODFILE_DIR_PATH}/Podfile.lock",
				"${PODS_ROOT}/Manifest.lock",
			);
			name = "[CP] Check Pods Manifest.lock";
			outputFileListPaths = (
			);
			outputPaths = (
				"$(DERIVED_FILE_DIR)/Pods-VideoDownloder-checkManifestLockResult.txt",
			);
			runOnlyForDeploymentPostprocessing = 0;
			shellPath = /bin/sh;
			shellScript = "diff \"${PODS_PODFILE_DIR_PATH}/Podfile.lock\" \"${PODS_ROOT}/Manifest.lock\" > /dev/null\nif [ $? != 0 ] ; then\n    # print error to STDERR\n    echo \"error: The sandbox is not in sync with the Podfile.lock. Run 'pod install' or update your CocoaPods installation.\" >&2\n    exit 1\nfi\n# This output is used by Xcode 'outputs' to avoid re-running this script phase.\necho \"SUCCESS\" > \"${SCRIPT_OUTPUT_FILE_0}\"\n";
			showEnvVarsInLog = 0;
		};
		CE9E714C216339A78FD12E03 /* [CP] Embed Pods Frameworks */ = {
			isa = PBXShellScriptBuildPhase;
			buildActionMask = 2147483647;
			files = (
			);
			inputFileListPaths = (
			);
			inputPaths = (
				"${SRCROOT}/Pods/Target Support Files/Pods-VideoDownloder/Pods-VideoDownloder-frameworks.sh",
				"${BUILT_PRODUCTS_DIR}/Realm/Realm.framework",
				"${BUILT_PRODUCTS_DIR}/RealmSwift/RealmSwift.framework",
			);
			name = "[CP] Embed Pods Frameworks";
			outputFileListPaths = (
			);
			outputPaths = (
				"${TARGET_BUILD_DIR}/${FRAMEWORKS_FOLDER_PATH}/Realm.framework",
				"${TARGET_BUILD_DIR}/${FRAMEWORKS_FOLDER_PATH}/RealmSwift.framework",
			);
			runOnlyForDeploymentPostprocessing = 0;
			shellPath = /bin/sh;
			shellScript = "\"${SRCROOT}/Pods/Target Support Files/Pods-VideoDownloder/Pods-VideoDownloder-frameworks.sh\"\n";
			showEnvVarsInLog = 0;
		};
/* End PBXShellScriptBuildPhase section */

/* Begin PBXSourcesBuildPhase section */
		DBBFB4A921FB358000A35BF0 /* Sources */ = {
			isa = PBXSourcesBuildPhase;
			buildActionMask = 2147483647;
			files = (
				DBBFB4B321FB358000A35BF0 /* ViewController.swift in Sources */,
				DBBFB4B121FB358000A35BF0 /* AppDelegate.swift in Sources */,
			);
			runOnlyForDeploymentPostprocessing = 0;
		};
		DBBFB4BD21FB358100A35BF0 /* Sources */ = {
			isa = PBXSourcesBuildPhase;
			buildActionMask = 2147483647;
			files = (
				DBBFB4C621FB358100A35BF0 /* VideoDownloderTests.swift in Sources */,
			);
			runOnlyForDeploymentPostprocessing = 0;
		};
		DBBFB4C821FB358100A35BF0 /* Sources */ = {
			isa = PBXSourcesBuildPhase;
			buildActionMask = 2147483647;
			files = (
				DBBFB4D121FB358100A35BF0 /* VideoDownloderUITests.swift in Sources */,
			);
			runOnlyForDeploymentPostprocessing = 0;
		};
/* End PBXSourcesBuildPhase section */

/* Begin PBXTargetDependency section */
		DBBFB4C321FB358100A35BF0 /* PBXTargetDependency */ = {
			isa = PBXTargetDependency;
			target = DBBFB4AC21FB358000A35BF0 /* VideoDownloder */;
			targetProxy = DBBFB4C221FB358100A35BF0 /* PBXContainerItemProxy */;
		};
		DBBFB4CE21FB358100A35BF0 /* PBXTargetDependency */ = {
			isa = PBXTargetDependency;
			target = DBBFB4AC21FB358000A35BF0 /* VideoDownloder */;
			targetProxy = DBBFB4CD21FB358100A35BF0 /* PBXContainerItemProxy */;
		};
/* End PBXTargetDependency section */

/* Begin PBXVariantGroup section */
		DBBFB4B421FB358000A35BF0 /* Main.storyboard */ = {
			isa = PBXVariantGroup;
			children = (
				DBBFB4B521FB358000A35BF0 /* Base */,
			);
			name = Main.storyboard;
			sourceTree = "<group>";
		};
		DBBFB4B921FB358100A35BF0 /* LaunchScreen.storyboard */ = {
			isa = PBXVariantGroup;
			children = (
				DBBFB4BA21FB358100A35BF0 /* Base */,
			);
			name = LaunchScreen.storyboard;
			sourceTree = "<group>";
		};
/* End PBXVariantGroup section */

/* Begin XCBuildConfiguration section */
		DBBFB4D321FB358100A35BF0 /* Debug */ = {
			isa = XCBuildConfiguration;
			buildSettings = {
				ALWAYS_SEARCH_USER_PATHS = NO;
				CLANG_ANALYZER_NONNULL = YES;
				CLANG_ANALYZER_NUMBER_OBJECT_CONVERSION = YES_AGGRESSIVE;
				CLANG_CXX_LANGUAGE_STANDARD = "gnu++14";
				CLANG_CXX_LIBRARY = "libc++";
				CLANG_ENABLE_MODULES = YES;
				CLANG_ENABLE_OBJC_ARC = YES;
				CLANG_ENABLE_OBJC_WEAK = YES;
				CLANG_WARN_BLOCK_CAPTURE_AUTORELEASING = YES;
				CLANG_WARN_BOOL_CONVERSION = YES;
				CLANG_WARN_COMMA = YES;
				CLANG_WARN_CONSTANT_CONVERSION = YES;
				CLANG_WARN_DEPRECATED_OBJC_IMPLEMENTATIONS = YES;
				CLANG_WARN_DIRECT_OBJC_ISA_USAGE = YES_ERROR;
				CLANG_WARN_DOCUMENTATION_COMMENTS = YES;
				CLANG_WARN_EMPTY_BODY = YES;
				CLANG_WARN_ENUM_CONVERSION = YES;
				CLANG_WARN_INFINITE_RECURSION = YES;
				CLANG_WARN_INT_CONVERSION = YES;
				CLANG_WARN_NON_LITERAL_NULL_CONVERSION = YES;
				CLANG_WARN_OBJC_IMPLICIT_RETAIN_SELF = YES;
				CLANG_WARN_OBJC_LITERAL_CONVERSION = YES;
				CLANG_WARN_OBJC_ROOT_CLASS = YES_ERROR;
				CLANG_WARN_RANGE_LOOP_ANALYSIS = YES;
				CLANG_WARN_STRICT_PROTOTYPES = YES;
				CLANG_WARN_SUSPICIOUS_MOVE = YES;
				CLANG_WARN_UNGUARDED_AVAILABILITY = YES_AGGRESSIVE;
				CLANG_WARN_UNREACHABLE_CODE = YES;
				CLANG_WARN__DUPLICATE_METHOD_MATCH = YES;
				CODE_SIGN_IDENTITY = "iPhone Developer";
				COPY_PHASE_STRIP = NO;
				DEBUG_INFORMATION_FORMAT = dwarf;
				ENABLE_STRICT_OBJC_MSGSEND = YES;
				ENABLE_TESTABILITY = YES;
				GCC_C_LANGUAGE_STANDARD = gnu11;
				GCC_DYNAMIC_NO_PIC = NO;
				GCC_NO_COMMON_BLOCKS = YES;
				GCC_OPTIMIZATION_LEVEL = 0;
				GCC_PREPROCESSOR_DEFINITIONS = (
					"DEBUG=1",
					"$(inherited)",
				);
				GCC_WARN_64_TO_32_BIT_CONVERSION = YES;
				GCC_WARN_ABOUT_RETURN_TYPE = YES_ERROR;
				GCC_WARN_UNDECLARED_SELECTOR = YES;
				GCC_WARN_UNINITIALIZED_AUTOS = YES_AGGRESSIVE;
				GCC_WARN_UNUSED_FUNCTION = YES;
				GCC_WARN_UNUSED_VARIABLE = YES;
				IPHONEOS_DEPLOYMENT_TARGET = 12.1;
				MTL_ENABLE_DEBUG_INFO = INCLUDE_SOURCE;
				MTL_FAST_MATH = YES;
				ONLY_ACTIVE_ARCH = YES;
				SDKROOT = iphoneos;
				SWIFT_ACTIVE_COMPILATION_CONDITIONS = DEBUG;
				SWIFT_OPTIMIZATION_LEVEL = "-Onone";
			};
			name = Debug;
		};
		DBBFB4D421FB358100A35BF0 /* Release */ = {
			isa = XCBuildConfiguration;
			buildSettings = {
				ALWAYS_SEARCH_USER_PATHS = NO;
				CLANG_ANALYZER_NONNULL = YES;
				CLANG_ANALYZER_NUMBER_OBJECT_CONVERSION = YES_AGGRESSIVE;
				CLANG_CXX_LANGUAGE_STANDARD = "gnu++14";
				CLANG_CXX_LIBRARY = "libc++";
				CLANG_ENABLE_MODULES = YES;
				CLANG_ENABLE_OBJC_ARC = YES;
				CLANG_ENABLE_OBJC_WEAK = YES;
				CLANG_WARN_BLOCK_CAPTURE_AUTORELEASING = YES;
				CLANG_WARN_BOOL_CONVERSION = YES;
				CLANG_WARN_COMMA = YES;
				CLANG_WARN_CONSTANT_CONVERSION = YES;
				CLANG_WARN_DEPRECATED_OBJC_IMPLEMENTATIONS = YES;
				CLANG_WARN_DIRECT_OBJC_ISA_USAGE = YES_ERROR;
				CLANG_WARN_DOCUMENTATION_COMMENTS = YES;
				CLANG_WARN_EMPTY_BODY = YES;
				CLANG_WARN_ENUM_CONVERSION = YES;
				CLANG_WARN_INFINITE_RECURSION = YES;
				CLANG_WARN_INT_CONVERSION = YES;
				CLANG_WARN_NON_LITERAL_NULL_CONVERSION = YES;
				CLANG_WARN_OBJC_IMPLICIT_RETAIN_SELF = YES;
				CLANG_WARN_OBJC_LITERAL_CONVERSION = YES;
				CLANG_WARN_OBJC_ROOT_CLASS = YES_ERROR;
				CLANG_WARN_RANGE_LOOP_ANALYSIS = YES;
				CLANG_WARN_STRICT_PROTOTYPES = YES;
				CLANG_WARN_SUSPICIOUS_MOVE = YES;
				CLANG_WARN_UNGUARDED_AVAILABILITY = YES_AGGRESSIVE;
				CLANG_WARN_UNREACHABLE_CODE = YES;
				CLANG_WARN__DUPLICATE_METHOD_MATCH = YES;
				CODE_SIGN_IDENTITY = "iPhone Developer";
				COPY_PHASE_STRIP = NO;
				DEBUG_INFORMATION_FORMAT = "dwarf-with-dsym";
				ENABLE_NS_ASSERTIONS = NO;
				ENABLE_STRICT_OBJC_MSGSEND = YES;
				GCC_C_LANGUAGE_STANDARD = gnu11;
				GCC_NO_COMMON_BLOCKS = YES;
				GCC_WARN_64_TO_32_BIT_CONVERSION = YES;
				GCC_WARN_ABOUT_RETURN_TYPE = YES_ERROR;
				GCC_WARN_UNDECLARED_SELECTOR = YES;
				GCC_WARN_UNINITIALIZED_AUTOS = YES_AGGRESSIVE;
				GCC_WARN_UNUSED_FUNCTION = YES;
				GCC_WARN_UNUSED_VARIABLE = YES;
				IPHONEOS_DEPLOYMENT_TARGET = 12.1;
				MTL_ENABLE_DEBUG_INFO = NO;
				MTL_FAST_MATH = YES;
				SDKROOT = iphoneos;
				SWIFT_COMPILATION_MODE = wholemodule;
				SWIFT_OPTIMIZATION_LEVEL = "-O";
				VALIDATE_PRODUCT = YES;
			};
			name = Release;
		};
		DBBFB4D621FB358100A35BF0 /* Debug */ = {
			isa = XCBuildConfiguration;
			baseConfigurationReference = 4C1BE246AC2B5494523F04E9 /* Pods-VideoDownloder.debug.xcconfig */;
			buildSettings = {
				ASSETCATALOG_COMPILER_APPICON_NAME = AppIcon;
				CODE_SIGN_STYLE = Automatic;
				DEVELOPMENT_TEAM = J5WW4LM3TV;
				INFOPLIST_FILE = VideoDownloder/Info.plist;
				LD_RUNPATH_SEARCH_PATHS = (
					"$(inherited)",
					"@executable_path/Frameworks",
				);
				PRODUCT_BUNDLE_IDENTIFIER = takaoh717.com.VideoDownloder;
				PRODUCT_NAME = "$(TARGET_NAME)";
				SWIFT_VERSION = 4.2;
				TARGETED_DEVICE_FAMILY = "1,2";
			};
			name = Debug;
		};
		DBBFB4D721FB358100A35BF0 /* Release */ = {
			isa = XCBuildConfiguration;
			baseConfigurationReference = E0265A5371954FBD6EE8CD56 /* Pods-VideoDownloder.release.xcconfig */;
			buildSettings = {
				ASSETCATALOG_COMPILER_APPICON_NAME = AppIcon;
				CODE_SIGN_STYLE = Automatic;
				DEVELOPMENT_TEAM = J5WW4LM3TV;
				INFOPLIST_FILE = VideoDownloder/Info.plist;
				LD_RUNPATH_SEARCH_PATHS = (
					"$(inherited)",
					"@executable_path/Frameworks",
				);
				PRODUCT_BUNDLE_IDENTIFIER = takaoh717.com.VideoDownloder;
				PRODUCT_NAME = "$(TARGET_NAME)";
				SWIFT_VERSION = 4.2;
				TARGETED_DEVICE_FAMILY = "1,2";
			};
			name = Release;
		};
		DBBFB4D921FB358100A35BF0 /* Debug */ = {
			isa = XCBuildConfiguration;
			baseConfigurationReference = D4E001CE1CD36681D5446249 /* Pods-VideoDownloderTests.debug.xcconfig */;
			buildSettings = {
				ALWAYS_EMBED_SWIFT_STANDARD_LIBRARIES = YES;
				BUNDLE_LOADER = "$(TEST_HOST)";
				CODE_SIGN_STYLE = Automatic;
				DEVELOPMENT_TEAM = J5WW4LM3TV;
				INFOPLIST_FILE = VideoDownloderTests/Info.plist;
				LD_RUNPATH_SEARCH_PATHS = (
					"$(inherited)",
					"@executable_path/Frameworks",
					"@loader_path/Frameworks",
				);
				PRODUCT_BUNDLE_IDENTIFIER = takaoh717.com.VideoDownloderTests;
				PRODUCT_NAME = "$(TARGET_NAME)";
				SWIFT_VERSION = 4.2;
				TARGETED_DEVICE_FAMILY = "1,2";
				TEST_HOST = "$(BUILT_PRODUCTS_DIR)/VideoDownloder.app/VideoDownloder";
			};
			name = Debug;
		};
		DBBFB4DA21FB358100A35BF0 /* Release */ = {
			isa = XCBuildConfiguration;
			baseConfigurationReference = C177239199240AFBCDDFF20D /* Pods-VideoDownloderTests.release.xcconfig */;
			buildSettings = {
				ALWAYS_EMBED_SWIFT_STANDARD_LIBRARIES = YES;
				BUNDLE_LOADER = "$(TEST_HOST)";
				CODE_SIGN_STYLE = Automatic;
				DEVELOPMENT_TEAM = J5WW4LM3TV;
				INFOPLIST_FILE = VideoDownloderTests/Info.plist;
				LD_RUNPATH_SEARCH_PATHS = (
					"$(inherited)",
					"@executable_path/Frameworks",
					"@loader_path/Frameworks",
				);
				PRODUCT_BUNDLE_IDENTIFIER = takaoh717.com.VideoDownloderTests;
				PRODUCT_NAME = "$(TARGET_NAME)";
				SWIFT_VERSION = 4.2;
				TARGETED_DEVICE_FAMILY = "1,2";
				TEST_HOST = "$(BUILT_PRODUCTS_DIR)/VideoDownloder.app/VideoDownloder";
			};
			name = Release;
		};
		DBBFB4DC21FB358100A35BF0 /* Debug */ = {
			isa = XCBuildConfiguration;
			baseConfigurationReference = 386425B5D73AB0153C3B6A6F /* Pods-VideoDownloderUITests.debug.xcconfig */;
			buildSettings = {
				ALWAYS_EMBED_SWIFT_STANDARD_LIBRARIES = YES;
				CODE_SIGN_STYLE = Automatic;
				DEVELOPMENT_TEAM = J5WW4LM3TV;
				INFOPLIST_FILE = VideoDownloderUITests/Info.plist;
				LD_RUNPATH_SEARCH_PATHS = (
					"$(inherited)",
					"@executable_path/Frameworks",
					"@loader_path/Frameworks",
				);
				PRODUCT_BUNDLE_IDENTIFIER = takaoh717.com.VideoDownloderUITests;
				PRODUCT_NAME = "$(TARGET_NAME)";
				SWIFT_VERSION = 4.2;
				TARGETED_DEVICE_FAMILY = "1,2";
				TEST_TARGET_NAME = VideoDownloder;
			};
			name = Debug;
		};
		DBBFB4DD21FB358100A35BF0 /* Release */ = {
			isa = XCBuildConfiguration;
			baseConfigurationReference = 33D16EDC7204E15AD69BB1AE /* Pods-VideoDownloderUITests.release.xcconfig */;
			buildSettings = {
				ALWAYS_EMBED_SWIFT_STANDARD_LIBRARIES = YES;
				CODE_SIGN_STYLE = Automatic;
				DEVELOPMENT_TEAM = J5WW4LM3TV;
				INFOPLIST_FILE = VideoDownloderUITests/Info.plist;
				LD_RUNPATH_SEARCH_PATHS = (
					"$(inherited)",
					"@executable_path/Frameworks",
					"@loader_path/Frameworks",
				);
				PRODUCT_BUNDLE_IDENTIFIER = takaoh717.com.VideoDownloderUITests;
				PRODUCT_NAME = "$(TARGET_NAME)";
				SWIFT_VERSION = 4.2;
				TARGETED_DEVICE_FAMILY = "1,2";
				TEST_TARGET_NAME = VideoDownloder;
			};
			name = Release;
		};
/* End XCBuildConfiguration section */

/* Begin XCConfigurationList section */
		DBBFB4A821FB358000A35BF0 /* Build configuration list for PBXProject "VideoDownloder" */ = {
			isa = XCConfigurationList;
			buildConfigurations = (
				DBBFB4D321FB358100A35BF0 /* Debug */,
				DBBFB4D421FB358100A35BF0 /* Release */,
			);
			defaultConfigurationIsVisible = 0;
			defaultConfigurationName = Release;
		};
		DBBFB4D521FB358100A35BF0 /* Build configuration list for PBXNativeTarget "VideoDownloder" */ = {
			isa = XCConfigurationList;
			buildConfigurations = (
				DBBFB4D621FB358100A35BF0 /* Debug */,
				DBBFB4D721FB358100A35BF0 /* Release */,
			);
			defaultConfigurationIsVisible = 0;
			defaultConfigurationName = Release;
		};
		DBBFB4D821FB358100A35BF0 /* Build configuration list for PBXNativeTarget "VideoDownloderTests" */ = {
			isa = XCConfigurationList;
			buildConfigurations = (
				DBBFB4D921FB358100A35BF0 /* Debug */,
				DBBFB4DA21FB358100A35BF0 /* Release */,
			);
			defaultConfigurationIsVisible = 0;
			defaultConfigurationName = Release;
		};
		DBBFB4DB21FB358100A35BF0 /* Build configuration list for PBXNativeTarget "VideoDownloderUITests" */ = {
			isa = XCConfigurationList;
			buildConfigurations = (
				DBBFB4DC21FB358100A35BF0 /* Debug */,
				DBBFB4DD21FB358100A35BF0 /* Release */,
			);
			defaultConfigurationIsVisible = 0;
			defaultConfigurationName = Release;
		};
/* End XCConfigurationList section */
	};
	rootObject = DBBFB4A521FB358000A35BF0 /* Project object */;
}
